{
  "name": "faast-ts-config-library-template",
  "version": "0.0.1",
  "lockfileVersion": 1,
  "requires": true,
  "dependencies": {
    "@faast/payments-common": {
      "version": "0.8.2",
      "resolved": "https://registry.npmjs.org/@faast/payments-common/-/payments-common-0.8.2.tgz",
      "integrity": "sha512-mBzc0EdyC+MDAcNhmQtLyqQTVeZQXdn7wfuVRE8WtIYzfjwZZFUBONZDz1nbVanSBWZscxxLNXg9tXhTHK7g/A=="
    },
    "@faast/ts-common": {
      "version": "0.3.0",
      "resolved": "https://registry.npmjs.org/@faast/ts-common/-/ts-common-0.3.0.tgz",
      "integrity": "sha512-p50gZEn8zi/+lLuDSyLxYpnXVuwgADun7P+qd3+w9WTWT7ev5uD0r8+2M8wk0+aPOd7repMgH5wsREGnHeYFkQ=="
    },
    "@types/lodash": {
      "version": "4.14.136",
      "resolved": "https://registry.npmjs.org/@types/lodash/-/lodash-4.14.136.tgz",
      "integrity": "sha512-0GJhzBdvsW2RUccNHOBkabI8HZVdOXmXbXhuKlDEd5Vv12P7oAVGfomGp3Ne21o5D/qu1WmthlNKFaoZJJeErA=="
    },
    "@types/ws": {
      "version": "3.2.1",
      "resolved": "https://registry.npmjs.org/@types/ws/-/ws-3.2.1.tgz",
      "integrity": "sha512-t5n0/iHoavnX1MqeYmKJgWc1W6yX4BXsNxQg7M5862RWrfN9S5k8yaWbDMGJSTCzbH7+q5QS8chjymd+ND9gMw==",
      "requires": {
        "@types/node": "*"
      },
      "dependencies": {
        "@types/node": {
          "version": "12.6.8",
          "resolved": "https://registry.npmjs.org/@types/node/-/node-12.6.8.tgz",
          "integrity": "sha512-aX+gFgA5GHcDi89KG5keey2zf0WfZk/HAQotEamsK2kbey+8yGKcson0hbK8E+v0NArlCJQCqMP161YhV6ZXLg=="
        }
      }
    },
    "agent-base": {
      "version": "4.3.0",
      "resolved": "https://registry.npmjs.org/agent-base/-/agent-base-4.3.0.tgz",
      "integrity": "sha512-salcGninV0nPrwpGNn4VTXBb1SOuXQBiqbrNXoeizJsHrsL6ERFM2Ne3JUSBWRE6aeNJI2ROP/WEEIDUiDe3cg==",
      "requires": {
        "es6-promisify": "^5.0.0"
      }
    },
    "async-limiter": {
      "version": "1.0.0",
      "resolved": "https://registry.npmjs.org/async-limiter/-/async-limiter-1.0.0.tgz",
      "integrity": "sha512-jp/uFnooOiO+L211eZOoSyzpOITMXx1rBITauYykG3BRYPu8h0UcxsPNB04RR5vo4Tyz3+ay17tR6JVf9qzYWg=="
    },
    "babel-runtime": {
      "version": "6.26.0",
      "resolved": "https://registry.npmjs.org/babel-runtime/-/babel-runtime-6.26.0.tgz",
      "integrity": "sha1-llxwWGaOgrVde/4E/yM3vItWR/4=",
      "requires": {
        "core-js": "^2.4.0",
        "regenerator-runtime": "^0.11.0"
      }
    },
    "base-x": {
      "version": "1.1.0",
      "resolved": "https://registry.npmjs.org/base-x/-/base-x-1.1.0.tgz",
      "integrity": "sha1-QtPXF0dPnqAiB/bRqh9CaRPut6w="
    },
    "bignumber.js": {
      "version": "4.1.0",
      "resolved": "https://registry.npmjs.org/bignumber.js/-/bignumber.js-4.1.0.tgz",
      "integrity": "sha512-eJzYkFYy9L4JzXsbymsFn3p54D+llV27oTQ+ziJG7WFRheJcNZilgVXMG0LoZtlQSKBsJdWtLFqOD0u+U0jZKA=="
    },
    "bn.js": {
      "version": "4.11.8",
      "resolved": "https://registry.npmjs.org/bn.js/-/bn.js-4.11.8.tgz",
      "integrity": "sha512-ItfYfPLkWHUjckQCk8xC+LwxgK8NYcXywGigJgSwOP8Y2iyWT4f2vsZnoOXTTbo+o5yXmIUJ4gn5538SO5S3gA=="
    },
    "brorand": {
      "version": "1.1.0",
      "resolved": "https://registry.npmjs.org/brorand/-/brorand-1.1.0.tgz",
      "integrity": "sha1-EsJe/kCkXjwyPrhnWgoM5XsiNx8="
    },
    "cipher-base": {
      "version": "1.0.4",
      "resolved": "https://registry.npmjs.org/cipher-base/-/cipher-base-1.0.4.tgz",
      "integrity": "sha512-Kkht5ye6ZGmwv40uUDZztayT2ThLQGfnj/T71N/XzeZeo3nf8foyW7zGTsPYkEya3m5f3cAypH+qe7YOrM1U2Q==",
      "requires": {
        "inherits": "^2.0.1",
        "safe-buffer": "^5.0.1"
      }
    },
    "core-js": {
      "version": "2.6.9",
      "resolved": "https://registry.npmjs.org/core-js/-/core-js-2.6.9.tgz",
      "integrity": "sha512-HOpZf6eXmnl7la+cUdMnLvUxKNqLUzJvgIziQ0DiF3JwSImNphIqdGqzj6hIKyX04MmV0poclQ7+wjWvxQyR2A=="
    },
    "create-hash": {
      "version": "1.2.0",
      "resolved": "https://registry.npmjs.org/create-hash/-/create-hash-1.2.0.tgz",
      "integrity": "sha512-z00bCGNHDG8mHAkP7CtT1qVu+bFQUPjYq/4Iv3C3kWjTFV10zIjfSoeqXo9Asws8gwSHDGj/hl2u4OGIjapeCg==",
      "requires": {
        "cipher-base": "^1.0.1",
        "inherits": "^2.0.1",
        "md5.js": "^1.3.4",
        "ripemd160": "^2.0.1",
        "sha.js": "^2.4.0"
      }
    },
    "debug": {
      "version": "3.2.6",
      "resolved": "https://registry.npmjs.org/debug/-/debug-3.2.6.tgz",
      "integrity": "sha512-mel+jf7nrtEl5Pn1Qx46zARXKDpBbvzezse7p7LqINmdoIk8PYP5SySaxEmYv6TZ0JyEKA1hsCId6DIhgITtWQ==",
      "requires": {
        "ms": "^2.1.1"
      }
    },
    "decimal.js": {
      "version": "5.0.8",
      "resolved": "https://registry.npmjs.org/decimal.js/-/decimal.js-5.0.8.tgz",
      "integrity": "sha1-tIw/t9c6LU1JQOCzjxzSHbWzZ84="
    },
    "elliptic": {
      "version": "5.2.1",
      "resolved": "https://registry.npmjs.org/elliptic/-/elliptic-5.2.1.tgz",
      "integrity": "sha1-+ilLZWPG3bybo9yFlGh66ECFjxA=",
      "requires": {
        "bn.js": "^3.1.1",
        "brorand": "^1.0.1",
        "hash.js": "^1.0.0",
        "inherits": "^2.0.1"
      },
      "dependencies": {
        "bn.js": {
          "version": "3.3.0",
          "resolved": "https://registry.npmjs.org/bn.js/-/bn.js-3.3.0.tgz",
          "integrity": "sha1-ETjld4if3Je72rUYRPIZDfwK49c="
        }
      }
    },
    "es6-promise": {
      "version": "4.2.8",
      "resolved": "https://registry.npmjs.org/es6-promise/-/es6-promise-4.2.8.tgz",
      "integrity": "sha512-HJDGx5daxeIvxdBxvG2cb9g4tEvwIk3i8+nhX0yGrYmZUzbkdg8QbDevheDB8gd0//uPj4c1EQua8Q+MViT0/w=="
    },
    "es6-promisify": {
      "version": "5.0.0",
      "resolved": "https://registry.npmjs.org/es6-promisify/-/es6-promisify-5.0.0.tgz",
      "integrity": "sha1-UQnWLz5W6pZ8S2NQWu8IKRyKUgM=",
      "requires": {
        "es6-promise": "^4.0.3"
      }
    },
    "hash-base": {
      "version": "3.0.4",
      "resolved": "https://registry.npmjs.org/hash-base/-/hash-base-3.0.4.tgz",
      "integrity": "sha1-X8hoaEfs1zSZQDMZprCj8/auSRg=",
      "requires": {
        "inherits": "^2.0.1",
        "safe-buffer": "^5.0.1"
      }
    },
    "hash.js": {
      "version": "1.1.7",
      "resolved": "https://registry.npmjs.org/hash.js/-/hash.js-1.1.7.tgz",
      "integrity": "sha512-taOaskGt4z4SOANNseOviYDvjEJinIkRgmp7LbKP2YTTmVxWBl87s/uzK9r+44BclBSp2X7K1hqeNfz9JbBeXA==",
      "requires": {
        "inherits": "^2.0.3",
        "minimalistic-assert": "^1.0.1"
      }
    },
    "https-proxy-agent": {
      "version": "2.2.1",
      "resolved": "https://registry.npmjs.org/https-proxy-agent/-/https-proxy-agent-2.2.1.tgz",
      "integrity": "sha512-HPCTS1LW51bcyMYbxUIOO4HEOlQ1/1qRaFWcyxvwaqUS9TY88aoEuHUY33kuAh1YhVVaDQhLZsnPd+XNARWZlQ==",
      "requires": {
        "agent-base": "^4.1.0",
        "debug": "^3.1.0"
      }
    },
    "inherits": {
      "version": "2.0.4",
      "resolved": "https://registry.npmjs.org/inherits/-/inherits-2.0.4.tgz",
      "integrity": "sha512-k/vGaX4/Yla3WzyMCvTQOXYeIHvqOKtnqBduzTHpzpQZzAskKMhZ2K+EnBiSM9zGSoIFeMpXKxa4dYeZIQqewQ=="
    },
    "jsonschema": {
      "version": "1.2.2",
      "resolved": "https://registry.npmjs.org/jsonschema/-/jsonschema-1.2.2.tgz",
      "integrity": "sha512-iX5OFQ6yx9NgbHCwse51ohhKgLuLL7Z5cNOeZOPIlDUtAMrxlruHLzVZxbltdHE5mEDXN+75oFOwq6Gn0MZwsA=="
    },
    "lodash": {
      "version": "4.17.15",
      "resolved": "https://registry.npmjs.org/lodash/-/lodash-4.17.15.tgz",
      "integrity": "sha512-8xOcRHvCjnocdS5cpwXQXVzmmh5e5+saE2QGoeQmbKmRS6J3VQppPOIt0MnmE+4xlZoumy0GPG0D0MVIQbNA1A=="
    },
    "md5.js": {
      "version": "1.3.5",
      "resolved": "https://registry.npmjs.org/md5.js/-/md5.js-1.3.5.tgz",
      "integrity": "sha512-xitP+WxNPcTTOgnTJcrhM0xvdPepipPSf3I8EIpGKeFLjt3PlJLIDG3u8EX53ZIubkb+5U2+3rELYpEhHhzdkg==",
      "requires": {
        "hash-base": "^3.0.0",
        "inherits": "^2.0.1",
        "safe-buffer": "^5.1.2"
      }
    },
    "minimalistic-assert": {
      "version": "1.0.1",
      "resolved": "https://registry.npmjs.org/minimalistic-assert/-/minimalistic-assert-1.0.1.tgz",
      "integrity": "sha512-UtJcAD4yEaGtjPezWuO9wC4nwUnVH/8/Im3yEHQP4b67cXlD/Qr9hdITCU1xDbSEXg2XKNaP8jsReV7vQd00/A=="
    },
    "ms": {
      "version": "2.1.2",
      "resolved": "https://registry.npmjs.org/ms/-/ms-2.1.2.tgz",
      "integrity": "sha512-sGkPx+VjMtmA6MX27oA4FBFELFCZZ4S4XqeGOXCv68tT+jb3vk/RyaKWP0PTKyWtmLSM0b+adUTEvbs1PEaH2w=="
    },
    "regenerator-runtime": {
      "version": "0.11.1",
      "resolved": "https://registry.npmjs.org/regenerator-runtime/-/regenerator-runtime-0.11.1.tgz",
      "integrity": "sha512-MguG95oij0fC3QV3URf4V2SDYGJhJnJGqvIIgdECeODCT98wSWDAJ94SSuVpYQUoTcGUIL6L4yNB7j1DFFHSBg=="
    },
    "ripemd160": {
      "version": "2.0.2",
      "resolved": "https://registry.npmjs.org/ripemd160/-/ripemd160-2.0.2.tgz",
      "integrity": "sha512-ii4iagi25WusVoiC4B4lq7pbXfAp3D9v5CwfkY33vffw2+pkDjY1D8GaN7spsxvCSx8dkPqOZCEZyfxcmJG2IA==",
      "requires": {
        "hash-base": "^3.0.0",
        "inherits": "^2.0.1"
      }
    },
    "ripple-address-codec": {
      "version": "2.0.1",
      "resolved": "https://registry.npmjs.org/ripple-address-codec/-/ripple-address-codec-2.0.1.tgz",
      "integrity": "sha1-7dvjp5YNLgLFwcdPuan6DS37ZXE=",
      "requires": {
        "hash.js": "^1.0.3",
        "x-address-codec": "^0.7.0"
      }
    },
    "ripple-binary-codec": {
      "version": "0.2.1",
      "resolved": "https://registry.npmjs.org/ripple-binary-codec/-/ripple-binary-codec-0.2.1.tgz",
      "integrity": "sha512-R1+equWtaJs505/G2NRvxKJVlMkZMqo4fiE6eBXi1c2IvL7dDRZPlb8JHdSgD6eT/Qo5TkovuUf3qmRz5dinNw==",
      "requires": {
        "babel-runtime": "^6.6.1",
        "bn.js": "^4.11.3",
        "create-hash": "^1.1.2",
        "decimal.js": "^5.0.8",
        "inherits": "^2.0.1",
        "lodash": "^4.12.0",
        "ripple-address-codec": "^2.0.1"
      }
    },
    "ripple-hashes": {
      "version": "0.3.2",
      "resolved": "https://registry.npmjs.org/ripple-hashes/-/ripple-hashes-0.3.2.tgz",
      "integrity": "sha512-1Emm/raLNChNR5nVoQPJ7NWQpHr8jJjIZDoug4ukw4RZ3+eehO5nyx86a+MaQKAeAc1nJRFwVjBvh9SeYpelYw==",
      "requires": {
        "bignumber.js": "^4.1.0",
        "create-hash": "^1.1.2",
        "ripple-address-codec": "^2.0.1",
        "ripple-binary-codec": "0.2.1"
      }
    },
    "ripple-keypairs": {
      "version": "0.10.2",
      "resolved": "https://registry.npmjs.org/ripple-keypairs/-/ripple-keypairs-0.10.2.tgz",
      "integrity": "sha512-NvY+jCrhtpy7ox2unZTIfOfSrUWqVTq+tfCTqgDD8XZ957JGwHBlL5osYAypkTWed/JglH5hggxw14NTKEZzGA==",
      "requires": {
        "babel-runtime": "^5.8.20",
        "bn.js": "^3.1.1",
        "brorand": "^1.0.5",
        "elliptic": "^5.1.0",
        "hash.js": "^1.0.3",
        "ripple-address-codec": "^2.0.1"
      },
      "dependencies": {
        "babel-runtime": {
          "version": "5.8.38",
          "resolved": "https://registry.npmjs.org/babel-runtime/-/babel-runtime-5.8.38.tgz",
          "integrity": "sha1-HAsC62MxL18If/IEUIJ7QlydTBk=",
          "requires": {
            "core-js": "^1.0.0"
          }
        },
        "bn.js": {
          "version": "3.3.0",
          "resolved": "https://registry.npmjs.org/bn.js/-/bn.js-3.3.0.tgz",
          "integrity": "sha1-ETjld4if3Je72rUYRPIZDfwK49c="
        },
        "core-js": {
          "version": "1.2.7",
          "resolved": "https://registry.npmjs.org/core-js/-/core-js-1.2.7.tgz",
          "integrity": "sha1-ZSKUwUZR2yj6k70tX/KYOk8IxjY="
        }
      }
    },
    "ripple-lib": {
      "version": "1.2.4",
      "resolved": "https://registry.npmjs.org/ripple-lib/-/ripple-lib-1.2.4.tgz",
      "integrity": "sha512-hmlj+AIisg4XuSS4ee4uhB9Glc/kM02ZNfl7KF336NDPu81vhqJuR8pikSGwJ/Ay7wIVrP9ny1zR/6FI6lZTZg==",
      "requires": {
        "@types/lodash": "^4.14.85",
        "@types/ws": "^3.2.0",
        "bignumber.js": "^4.1.0",
        "https-proxy-agent": "2.2.1",
        "jsonschema": "1.2.2",
        "lodash": "^4.17.4",
        "ripple-address-codec": "^2.0.1",
        "ripple-binary-codec": "0.2.1",
        "ripple-hashes": "0.3.2",
        "ripple-keypairs": "^0.10.1",
        "ripple-lib-transactionparser": "0.7.1",
        "ws": "^3.3.1"
      }
    },
    "ripple-lib-transactionparser": {
      "version": "0.7.1",
      "resolved": "https://registry.npmjs.org/ripple-lib-transactionparser/-/ripple-lib-transactionparser-0.7.1.tgz",
      "integrity": "sha1-Xs7LHgPWXQVgU0P0udu3bRCJFFs=",
      "requires": {
        "bignumber.js": "^4.1.0",
        "lodash": "^4.17.4"
      }
    },
    "safe-buffer": {
      "version": "5.2.0",
      "resolved": "https://registry.npmjs.org/safe-buffer/-/safe-buffer-5.2.0.tgz",
      "integrity": "sha512-fZEwUGbVl7kouZs1jCdMLdt95hdIv0ZeHg6L7qPeciMZhZ+/gdesW4wgTARkrFWEpspjEATAzUGPG8N2jJiwbg=="
    },
    "sha.js": {
      "version": "2.4.11",
      "resolved": "https://registry.npmjs.org/sha.js/-/sha.js-2.4.11.tgz",
      "integrity": "sha512-QMEp5B7cftE7APOjk5Y6xgrbWu+WkLVQwk8JNjZ8nKRciZaByEW6MubieAiToS7+dwvrjGhH8jRXz3MVd0AYqQ==",
      "requires": {
        "inherits": "^2.0.1",
        "safe-buffer": "^5.0.1"
      }
    },
    "ultron": {
      "version": "1.1.1",
      "resolved": "https://registry.npmjs.org/ultron/-/ultron-1.1.1.tgz",
      "integrity": "sha512-UIEXBNeYmKptWH6z8ZnqTeS8fV74zG0/eRU9VGkpzz+LIJNs8W/zM/L+7ctCkRrgbNnnR0xxw4bKOr0cW0N0Og=="
    },
    "ws": {
      "version": "3.3.3",
      "resolved": "https://registry.npmjs.org/ws/-/ws-3.3.3.tgz",
      "integrity": "sha512-nnWLa/NwZSt4KQJu51MYlCcSQ5g7INpOrOMt4XV8j4dqTXdmlUmSHQ8/oLC069ckre0fRsgfvsKwbTdtKLCDkA==",
      "requires": {
        "async-limiter": "~1.0.0",
        "safe-buffer": "~5.1.0",
        "ultron": "~1.1.0"
      },
      "dependencies": {
        "safe-buffer": {
          "version": "5.1.2",
          "resolved": "https://registry.npmjs.org/safe-buffer/-/safe-buffer-5.1.2.tgz",
          "integrity": "sha512-Gd2UZBJDkXlY7GbJxfsE8/nvKkUEU1G38c1siN6QP6a9PT9MmHB8GnpscSmMJSoF8LOIrt8ud/wPtojys4G6+g=="
        }
      }
    },
    "x-address-codec": {
      "version": "0.7.2",
      "resolved": "https://registry.npmjs.org/x-address-codec/-/x-address-codec-0.7.2.tgz",
      "integrity": "sha1-Ki97sAJ4UgvRNzOnlZoFRD1oAuA=",
      "requires": {
        "base-x": "^1.0.1"
      }
    }
  }
}
