{
  "name": "@bitaccess/coinlib-common",
  "version": "5.2.0",
  "lockfileVersion": 1,
  "requires": true,
  "dependencies": {
    "@faast/ts-common": {
      "version": "0.6.3",
      "resolved": "https://registry.npmjs.org/@faast/ts-common/-/ts-common-0.6.3.tgz",
      "integrity": "sha512-fWxqaUvGtxA/u6WUVIMtGFYI0g74t6ywQih3AOLOdfadlwm4OdRNLLGd5C8UlRlrPjPMUCEDgYy82q2CGuwjqg==",
      "requires": {
        "bignumber.js": "^9.0.0",
        "fp-ts": "^1.19.5",
        "io-ts": "^1.10.4"
      }
    },
    "bignumber.js": {
      "version": "9.0.1",
      "resolved": "https://registry.npmjs.org/bignumber.js/-/bignumber.js-9.0.1.tgz",
      "integrity": "sha512-IdZR9mh6ahOBv/hYGiXyVuyCetmGJhtYkqLBpTStdhEGjegpPlUawydyaF3pbIOFynJTpllEs+NP+CS9jKFLjA=="
    },
    "fp-ts": {
      "version": "1.19.5",
      "resolved": "https://registry.npmjs.org/fp-ts/-/fp-ts-1.19.5.tgz",
      "integrity": "sha512-wDNqTimnzs8QqpldiId9OavWK2NptormjXnRJTQecNjzwfyp6P/8s/zG8e4h3ja3oqkKaY72UlTjQYt/1yXf9A=="
    },
    "io-ts": {
      "version": "1.10.4",
      "resolved": "https://registry.npmjs.org/io-ts/-/io-ts-1.10.4.tgz",
      "integrity": "sha512-b23PteSnYXSONJ6JQXRAlvJhuw8KOtkqa87W4wDtvMrud/DTJd5X+NpOOI+O/zZwVq6v0VLAaJ+1EDViKEuN9g==",
      "requires": {
        "fp-ts": "^1.0.0"
      }
    }
  }
}
