{
  "name": "@bitaccess/coinlib-common",
  "version": "7.0.7",
  "lockfileVersion": 2,
  "requires": true,
  "packages": {
    "": {
      "name": "@bitaccess/coinlib-common",
      "version": "7.0.7",
      "license": "MIT",
      "dependencies": {
        "@bitaccess/coinlib-types": "file:../coinlib-types",
        "@bitaccess/ts-common": "^1.0.2",
        "bip32": "^3.0.1",
        "bip39": "^3.0.4",
        "bs58check": "^2.1.2",
        "ecpair": "^2.0.1",
        "io-ts": "^1.10.4",
        "tiny-secp256k1": "^2.2.1"
      },
      "engines": {
        "node": ">=12.0.0"
      }
    },
    "../coinlib-types": {
      "name": "@bitaccess/coinlib-types",
      "version": "7.0.6",
      "license": "MIT",
      "dependencies": {
        "@bitaccess/ts-common": "^1.0.2",
        "io-ts": "^1.10.4"
      },
      "engines": {
        "node": ">=12.0.0"
      }
    },
    "../coinlib-types/node_modules/@bitaccess/ts-common": {
      "version": "1.0.3",
      "integrity": "sha512-IPZmHYx9S5EIEDLhcRx0l5Ebo1XzyH0e0qr50sbfLW4sHUx/20V4K3e9NKOTcSHv3UIKky49FLgCrSO9ooCfzQ==",
      "dependencies": {
        "bignumber.js": "^9.0.0",
        "fp-ts": "^1.19.5",
        "io-ts": "^1.10.4"
      },
      "engines": {
        "node": ">=6.0.0"
      }
    },
    "../coinlib-types/node_modules/bignumber.js": {
      "version": "9.1.1",
      "integrity": "sha512-pHm4LsMJ6lzgNGVfZHjMoO8sdoRhOzOH4MLmY65Jg70bpxCKu5iOHNJyfF6OyvYw7t8Fpf35RuzUyqnQsj8Vig==",
      "engines": {
        "node": "*"
      }
    },
    "../coinlib-types/node_modules/fp-ts": {
      "version": "1.19.5",
      "integrity": "sha512-wDNqTimnzs8QqpldiId9OavWK2NptormjXnRJTQecNjzwfyp6P/8s/zG8e4h3ja3oqkKaY72UlTjQYt/1yXf9A=="
    },
    "../coinlib-types/node_modules/io-ts": {
      "version": "1.10.4",
      "integrity": "sha512-b23PteSnYXSONJ6JQXRAlvJhuw8KOtkqa87W4wDtvMrud/DTJd5X+NpOOI+O/zZwVq6v0VLAaJ+1EDViKEuN9g==",
      "dependencies": {
        "fp-ts": "^1.0.0"
      }
    },
    "node_modules/@bitaccess/coinlib-types": {
      "resolved": "../coinlib-types",
      "link": true
    },
    "node_modules/@bitaccess/ts-common": {
      "version": "1.0.3",
      "integrity": "sha512-IPZmHYx9S5EIEDLhcRx0l5Ebo1XzyH0e0qr50sbfLW4sHUx/20V4K3e9NKOTcSHv3UIKky49FLgCrSO9ooCfzQ==",
      "dependencies": {
        "bignumber.js": "^9.0.0",
        "fp-ts": "^1.19.5",
        "io-ts": "^1.10.4"
      },
      "engines": {
        "node": ">=6.0.0"
      }
    },
    "node_modules/@types/node": {
      "version": "10.12.18",
      "integrity": "sha512-fh+pAqt4xRzPfqA6eh3Z2y6fyZavRIumvjhaCL753+TVkGKGhpPeyrJG2JftD0T9q4GF00KjefsQ+PQNDdWQaQ=="
    },
    "node_modules/base-x": {
      "version": "3.0.9",
      "integrity": "sha512-H7JU6iBHTal1gp56aKoaa//YUxEaAOUiydvrV/pILqIHXTtqxSkATOnDA2u+jZ/61sD+L/412+7kzXRtWukhpQ==",
      "dependencies": {
        "safe-buffer": "^5.0.1"
      }
    },
    "node_modules/bignumber.js": {
      "version": "9.0.2",
      "integrity": "sha512-GAcQvbpsM0pUb0zw1EI0KhQEZ+lRwR5fYaAp3vPOYuP7aDvGy6cVN6XHLauvF8SOga2y0dcLcjt3iQDTSEliyw==",
      "engines": {
        "node": "*"
      }
    },
    "node_modules/bip32": {
      "version": "3.0.1",
      "integrity": "sha512-Uhpp9aEx3iyiO7CpbNGFxv9WcMIVdGoHG04doQ5Ln0u60uwDah7jUSc3QMV/fSZGm/Oo01/OeAmYevXV+Gz5jQ==",
      "dependencies": {
        "@types/node": "10.12.18",
        "bs58check": "^2.1.1",
        "create-hash": "^1.2.0",
        "create-hmac": "^1.1.7",
        "typeforce": "^1.11.5",
        "wif": "^2.0.6"
      },
      "engines": {
        "node": ">=6.0.0"
      }
    },
    "node_modules/bip39": {
      "version": "3.0.4",
      "integrity": "sha512-YZKQlb752TrUWqHWj7XAwCSjYEgGAk+/Aas3V7NyjQeZYsztO8JnQUaCWhcnL4T+jL8nvB8typ2jRPzTlgugNw==",
      "dependencies": {
        "@types/node": "11.11.6",
        "create-hash": "^1.1.0",
        "pbkdf2": "^3.0.9",
        "randombytes": "^2.0.1"
      }
    },
    "node_modules/bip39/node_modules/@types/node": {
      "version": "11.11.6",
      "integrity": "sha512-Exw4yUWMBXM3X+8oqzJNRqZSwUAaS4+7NdvHqQuFi/d+synz++xmX3QIf+BFqneW8N31R8Ky+sikfZUXq07ggQ=="
    },
    "node_modules/bs58": {
      "version": "4.0.1",
      "integrity": "sha512-Ok3Wdf5vOIlBrgCvTq96gBkJw+JUEzdBgyaza5HLtPm7yTHkjRy8+JzNyHF7BHa0bNWOQIp3m5YF0nnFcOIKLw==",
      "dependencies": {
        "base-x": "^3.0.2"
      }
    },
    "node_modules/bs58check": {
      "version": "2.1.2",
      "integrity": "sha512-0TS1jicxdU09dwJMNZtVAfzPi6Q6QeN0pM1Fkzrjn+XYHvzMKPU3pHVpva+769iNVSfIYWf7LJ6WR+BuuMf8cA==",
      "dependencies": {
        "bs58": "^4.0.0",
        "create-hash": "^1.1.0",
        "safe-buffer": "^5.1.2"
      }
    },
    "node_modules/cipher-base": {
      "version": "1.0.4",
      "integrity": "sha512-Kkht5ye6ZGmwv40uUDZztayT2ThLQGfnj/T71N/XzeZeo3nf8foyW7zGTsPYkEya3m5f3cAypH+qe7YOrM1U2Q==",
      "dependencies": {
        "inherits": "^2.0.1",
        "safe-buffer": "^5.0.1"
      }
    },
    "node_modules/create-hash": {
      "version": "1.2.0",
      "integrity": "sha512-z00bCGNHDG8mHAkP7CtT1qVu+bFQUPjYq/4Iv3C3kWjTFV10zIjfSoeqXo9Asws8gwSHDGj/hl2u4OGIjapeCg==",
      "dependencies": {
        "cipher-base": "^1.0.1",
        "inherits": "^2.0.1",
        "md5.js": "^1.3.4",
        "ripemd160": "^2.0.1",
        "sha.js": "^2.4.0"
      }
    },
    "node_modules/create-hmac": {
      "version": "1.1.7",
      "integrity": "sha512-MJG9liiZ+ogc4TzUwuvbER1JRdgvUFSB5+VR/g5h82fGaIRWMWddtKBHi7/sVhfjQZ6SehlyhvQYrcYkaUIpLg==",
      "dependencies": {
        "cipher-base": "^1.0.3",
        "create-hash": "^1.1.0",
        "inherits": "^2.0.1",
        "ripemd160": "^2.0.0",
        "safe-buffer": "^5.0.1",
        "sha.js": "^2.4.8"
      }
    },
    "node_modules/ecpair": {
      "version": "2.0.1",
      "integrity": "sha512-iT3wztQMeE/nDTlfnAg8dAFUfBS7Tq2BXzq3ae6L+pWgFU0fQ3l0woTzdTBrJV3OxBjxbzjq8EQhAbEmJNWFSw==",
      "dependencies": {
        "randombytes": "^2.1.0",
        "typeforce": "^1.18.0",
        "wif": "^2.0.6"
      },
      "engines": {
        "node": ">=8.0.0"
      }
    },
    "node_modules/fp-ts": {
      "version": "1.19.5",
      "integrity": "sha512-wDNqTimnzs8QqpldiId9OavWK2NptormjXnRJTQecNjzwfyp6P/8s/zG8e4h3ja3oqkKaY72UlTjQYt/1yXf9A=="
    },
    "node_modules/hash-base": {
      "version": "3.1.0",
      "integrity": "sha512-1nmYp/rhMDiE7AYkDw+lLwlAzz0AntGIe51F3RfFfEqyQ3feY2eI/NcwC6umIQVOASPMsWJLJScWKSSvzL9IVA==",
      "dependencies": {
        "inherits": "^2.0.4",
        "readable-stream": "^3.6.0",
        "safe-buffer": "^5.2.0"
      },
      "engines": {
        "node": ">=4"
      }
    },
    "node_modules/inherits": {
      "version": "2.0.4",
      "integrity": "sha512-k/vGaX4/Yla3WzyMCvTQOXYeIHvqOKtnqBduzTHpzpQZzAskKMhZ2K+EnBiSM9zGSoIFeMpXKxa4dYeZIQqewQ=="
    },
    "node_modules/io-ts": {
      "version": "1.10.4",
      "integrity": "sha512-b23PteSnYXSONJ6JQXRAlvJhuw8KOtkqa87W4wDtvMrud/DTJd5X+NpOOI+O/zZwVq6v0VLAaJ+1EDViKEuN9g==",
      "dependencies": {
        "fp-ts": "^1.0.0"
      }
    },
    "node_modules/md5.js": {
      "version": "1.3.5",
      "integrity": "sha512-xitP+WxNPcTTOgnTJcrhM0xvdPepipPSf3I8EIpGKeFLjt3PlJLIDG3u8EX53ZIubkb+5U2+3rELYpEhHhzdkg==",
      "dependencies": {
        "hash-base": "^3.0.0",
        "inherits": "^2.0.1",
        "safe-buffer": "^5.1.2"
      }
    },
    "node_modules/pbkdf2": {
      "version": "3.1.2",
      "integrity": "sha512-iuh7L6jA7JEGu2WxDwtQP1ddOpaJNC4KlDEFfdQajSGgGPNi4OyDc2R7QnbY2bR9QjBVGwgvTdNJZoE7RaxUMA==",
      "dependencies": {
        "create-hash": "^1.1.2",
        "create-hmac": "^1.1.4",
        "ripemd160": "^2.0.1",
        "safe-buffer": "^5.0.1",
        "sha.js": "^2.4.8"
      },
      "engines": {
        "node": ">=0.12"
      }
    },
    "node_modules/randombytes": {
      "version": "2.1.0",
      "integrity": "sha512-vYl3iOX+4CKUWuxGi9Ukhie6fsqXqS9FE2Zaic4tNFD2N2QQaXOMFbuKK4QmDHC0JO6B1Zp41J0LpT0oR68amQ==",
      "dependencies": {
        "safe-buffer": "^5.1.0"
      }
    },
    "node_modules/readable-stream": {
      "version": "3.6.0",
      "integrity": "sha512-BViHy7LKeTz4oNnkcLJ+lVSL6vpiFeX6/d3oSH8zCW7UxP2onchk+vTGB143xuFjHS3deTgkKoXXymXqymiIdA==",
      "dependencies": {
        "inherits": "^2.0.3",
        "string_decoder": "^1.1.1",
        "util-deprecate": "^1.0.1"
      },
      "engines": {
        "node": ">= 6"
      }
    },
    "node_modules/ripemd160": {
      "version": "2.0.2",
      "integrity": "sha512-ii4iagi25WusVoiC4B4lq7pbXfAp3D9v5CwfkY33vffw2+pkDjY1D8GaN7spsxvCSx8dkPqOZCEZyfxcmJG2IA==",
      "dependencies": {
        "hash-base": "^3.0.0",
        "inherits": "^2.0.1"
      }
    },
    "node_modules/safe-buffer": {
      "version": "5.2.1",
      "integrity": "sha512-rp3So07KcdmmKbGvgaNxQSJr7bGVSVk5S9Eq1F+ppbRo70+YeaDxkw5Dd8NPN+GD6bjnYm2VuPuCXmpuYvmCXQ==",
      "funding": [
        {
          "type": "github",
          "url": "https://github.com/sponsors/feross"
        },
        {
          "type": "patreon",
          "url": "https://www.patreon.com/feross"
        },
        {
          "type": "consulting",
          "url": "https://feross.org/support"
        }
      ]
    },
    "node_modules/sha.js": {
      "version": "2.4.11",
      "integrity": "sha512-QMEp5B7cftE7APOjk5Y6xgrbWu+WkLVQwk8JNjZ8nKRciZaByEW6MubieAiToS7+dwvrjGhH8jRXz3MVd0AYqQ==",
      "dependencies": {
        "inherits": "^2.0.1",
        "safe-buffer": "^5.0.1"
      },
      "bin": {
        "sha.js": "bin.js"
      }
    },
    "node_modules/string_decoder": {
      "version": "1.3.0",
      "integrity": "sha512-hkRX8U1WjJFd8LsDJ2yQ/wWWxaopEsABU1XfkM8A+j0+85JAGppt16cr1Whg6KIbb4okU6Mql6BOj+uup/wKeA==",
      "dependencies": {
        "safe-buffer": "~5.2.0"
      }
    },
    "node_modules/tiny-secp256k1": {
      "version": "2.2.1",
      "integrity": "sha512-/U4xfVqnVxJXN4YVsru0E6t5wVncu2uunB8+RVR40fYUxkKYUPS10f+ePQZgFBoE/Jbf9H1NBveupF2VmB58Ng==",
      "dependencies": {
        "uint8array-tools": "0.0.7"
      },
      "engines": {
        "node": ">=14.0.0"
      }
    },
    "node_modules/typeforce": {
      "version": "1.18.0",
      "integrity": "sha512-7uc1O8h1M1g0rArakJdf0uLRSSgFcYexrVoKo+bzJd32gd4gDy2L/Z+8/FjPnU9ydY3pEnVPtr9FyscYY60K1g=="
    },
    "node_modules/uint8array-tools": {
      "version": "0.0.7",
      "integrity": "sha512-vrrNZJiusLWoFWBqz5Y5KMCgP9W9hnjZHzZiZRT8oNAkq3d5Z5Oe76jAvVVSRh4U8GGR90N2X1dWtrhvx6L8UQ==",
      "engines": {
        "node": ">=14.0.0"
      }
    },
    "node_modules/util-deprecate": {
      "version": "1.0.2",
      "integrity": "sha512-EPD5q1uXyFxJpCrLnCc1nHnq3gOa6DZBocAIiI2TaSCA7VCJ1UJDMagCzIkXNsUYfD1daK//LTEQ8xiIbrHtcw=="
    },
    "node_modules/wif": {
      "version": "2.0.6",
      "integrity": "sha512-HIanZn1zmduSF+BQhkE+YXIbEiH0xPr1012QbFEGB0xsKqJii0/SqJjyn8dFv6y36kOznMgMB+LGcbZTJ1xACQ==",
      "dependencies": {
        "bs58check": "<3.0.0"
      }
    }
  },
  "dependencies": {
    "@bitaccess/coinlib-types": {
      "version": "file:../coinlib-types",
      "requires": {
        "@bitaccess/ts-common": "^1.0.2",
        "io-ts": "^1.10.4"
      },
      "dependencies": {
        "@bitaccess/ts-common": {
          "version": "1.0.3",
          "requires": {
            "bignumber.js": "^9.0.0",
            "fp-ts": "^1.19.5",
            "io-ts": "^1.10.4"
          }
        },
        "bignumber.js": {
          "version": "9.1.1"
        },
        "fp-ts": {
          "version": "1.19.5"
        },
        "io-ts": {
          "version": "1.10.4",
          "requires": {
            "fp-ts": "^1.0.0"
          }
        }
      }
    },
    "@bitaccess/ts-common": {
      "version": "1.0.3",
      "requires": {
        "bignumber.js": "^9.0.0",
        "fp-ts": "^1.19.5",
        "io-ts": "^1.10.4"
      }
    },
    "@types/node": {
      "version": "10.12.18"
    },
    "base-x": {
      "version": "3.0.9",
      "requires": {
        "safe-buffer": "^5.0.1"
      }
    },
    "bignumber.js": {
      "version": "9.0.2"
    },
    "bip32": {
      "version": "3.0.1",
      "requires": {
        "@types/node": "10.12.18",
        "bs58check": "^2.1.1",
        "create-hash": "^1.2.0",
        "create-hmac": "^1.1.7",
        "typeforce": "^1.11.5",
        "wif": "^2.0.6"
      }
    },
    "bip39": {
      "version": "3.0.4",
      "requires": {
        "@types/node": "11.11.6",
        "create-hash": "^1.1.0",
        "pbkdf2": "^3.0.9",
        "randombytes": "^2.0.1"
      },
      "dependencies": {
        "@types/node": {
          "version": "11.11.6"
        }
      }
    },
    "bs58": {
      "version": "4.0.1",
      "requires": {
        "base-x": "^3.0.2"
      }
    },
    "bs58check": {
      "version": "2.1.2",
      "requires": {
        "bs58": "^4.0.0",
        "create-hash": "^1.1.0",
        "safe-buffer": "^5.1.2"
      }
    },
    "cipher-base": {
      "version": "1.0.4",
      "requires": {
        "inherits": "^2.0.1",
        "safe-buffer": "^5.0.1"
      }
    },
    "create-hash": {
      "version": "1.2.0",
      "requires": {
        "cipher-base": "^1.0.1",
        "inherits": "^2.0.1",
        "md5.js": "^1.3.4",
        "ripemd160": "^2.0.1",
        "sha.js": "^2.4.0"
      }
    },
    "create-hmac": {
      "version": "1.1.7",
      "requires": {
        "cipher-base": "^1.0.3",
        "create-hash": "^1.1.0",
        "inherits": "^2.0.1",
        "ripemd160": "^2.0.0",
        "safe-buffer": "^5.0.1",
        "sha.js": "^2.4.8"
      }
    },
    "ecpair": {
      "version": "2.0.1",
      "requires": {
        "randombytes": "^2.1.0",
        "typeforce": "^1.18.0",
        "wif": "^2.0.6"
      }
    },
    "fp-ts": {
      "version": "1.19.5"
    },
    "hash-base": {
      "version": "3.1.0",
      "requires": {
        "inherits": "^2.0.4",
        "readable-stream": "^3.6.0",
        "safe-buffer": "^5.2.0"
      }
    },
    "inherits": {
      "version": "2.0.4"
    },
    "io-ts": {
      "version": "1.10.4",
      "requires": {
        "fp-ts": "^1.0.0"
      }
    },
    "md5.js": {
      "version": "1.3.5",
      "requires": {
        "hash-base": "^3.0.0",
        "inherits": "^2.0.1",
        "safe-buffer": "^5.1.2"
      }
    },
    "pbkdf2": {
      "version": "3.1.2",
      "requires": {
        "create-hash": "^1.1.2",
        "create-hmac": "^1.1.4",
        "ripemd160": "^2.0.1",
        "safe-buffer": "^5.0.1",
        "sha.js": "^2.4.8"
      }
    },
    "randombytes": {
      "version": "2.1.0",
      "requires": {
        "safe-buffer": "^5.1.0"
      }
    },
    "readable-stream": {
      "version": "3.6.0",
      "requires": {
        "inherits": "^2.0.3",
        "string_decoder": "^1.1.1",
        "util-deprecate": "^1.0.1"
      }
    },
    "ripemd160": {
      "version": "2.0.2",
      "requires": {
        "hash-base": "^3.0.0",
        "inherits": "^2.0.1"
      }
    },
    "safe-buffer": {
      "version": "5.2.1"
    },
    "sha.js": {
      "version": "2.4.11",
      "requires": {
        "inherits": "^2.0.1",
        "safe-buffer": "^5.0.1"
      }
    },
    "string_decoder": {
      "version": "1.3.0",
      "requires": {
        "safe-buffer": "~5.2.0"
      }
    },
    "tiny-secp256k1": {
      "version": "2.2.1",
      "requires": {
        "uint8array-tools": "0.0.7"
      }
    },
    "typeforce": {
      "version": "1.18.0"
    },
    "uint8array-tools": {
      "version": "0.0.7"
    },
    "util-deprecate": {
      "version": "1.0.2"
    },
    "wif": {
      "version": "2.0.6",
      "requires": {
        "bs58check": "<3.0.0"
      }
    }
  }
}
