{
  "name": "@bitaccess/coinlib-tron",
  "version": "5.2.0",
  "lockfileVersion": 1,
  "requires": true,
  "dependencies": {
    "@babel/runtime": {
      "version": "7.15.4",
      "resolved": "https://registry.npmjs.org/@babel/runtime/-/runtime-7.15.4.tgz",
      "integrity": "sha512-99catp6bHCaxr4sJ/DbTGgHS4+Rs2RVd2g7iOap6SLGPDknRK9ztKNsE/Fg6QhSeh1FGE5f6gHGQmvvn3I3xhw==",
      "requires": {
        "regenerator-runtime": "^0.13.4"
      }
    },
    "@bitaccess/coinlib-common": {
      "version": "file:../coinlib-common",
      "requires": {
        "@faast/ts-common": "^0.6.0",
        "bignumber.js": "^9.0.0",
        "io-ts": "^1.10.4"
      },
      "dependencies": {
        "@faast/ts-common": {
          "version": "0.6.3",
          "resolved": "https://registry.npmjs.org/@faast/ts-common/-/ts-common-0.6.3.tgz",
          "integrity": "sha512-fWxqaUvGtxA/u6WUVIMtGFYI0g74t6ywQih3AOLOdfadlwm4OdRNLLGd5C8UlRlrPjPMUCEDgYy82q2CGuwjqg==",
          "requires": {
            "bignumber.js": "^9.0.0",
            "fp-ts": "^1.19.5",
            "io-ts": "^1.10.4"
          }
        },
        "fp-ts": {
          "version": "1.19.5",
          "resolved": "https://registry.npmjs.org/fp-ts/-/fp-ts-1.19.5.tgz",
          "integrity": "sha512-wDNqTimnzs8QqpldiId9OavWK2NptormjXnRJTQecNjzwfyp6P/8s/zG8e4h3ja3oqkKaY72UlTjQYt/1yXf9A=="
        },
        "io-ts": {
          "version": "1.10.4",
          "resolved": "https://registry.npmjs.org/io-ts/-/io-ts-1.10.4.tgz",
          "integrity": "sha512-b23PteSnYXSONJ6JQXRAlvJhuw8KOtkqa87W4wDtvMrud/DTJd5X+NpOOI+O/zZwVq6v0VLAaJ+1EDViKEuN9g==",
          "requires": {
            "fp-ts": "^1.0.0"
          }
        }
      }
    },
    "@ethersproject/abi": {
      "version": "5.5.0",
      "resolved": "https://registry.npmjs.org/@ethersproject/abi/-/abi-5.5.0.tgz",
      "integrity": "sha512-loW7I4AohP5KycATvc0MgujU6JyCHPqHdeoo9z3Nr9xEiNioxa65ccdm1+fsoJhkuhdRtfcL8cfyGamz2AxZ5w==",
      "requires": {
        "@ethersproject/address": "^5.5.0",
        "@ethersproject/bignumber": "^5.5.0",
        "@ethersproject/bytes": "^5.5.0",
        "@ethersproject/constants": "^5.5.0",
        "@ethersproject/hash": "^5.5.0",
        "@ethersproject/keccak256": "^5.5.0",
        "@ethersproject/logger": "^5.5.0",
        "@ethersproject/properties": "^5.5.0",
        "@ethersproject/strings": "^5.5.0"
      }
    },
    "@ethersproject/abstract-provider": {
      "version": "5.5.1",
      "resolved": "https://registry.npmjs.org/@ethersproject/abstract-provider/-/abstract-provider-5.5.1.tgz",
      "integrity": "sha512-m+MA/ful6eKbxpr99xUYeRvLkfnlqzrF8SZ46d/xFB1A7ZVknYc/sXJG0RcufF52Qn2jeFj1hhcoQ7IXjNKUqg==",
      "requires": {
        "@ethersproject/bignumber": "^5.5.0",
        "@ethersproject/bytes": "^5.5.0",
        "@ethersproject/logger": "^5.5.0",
        "@ethersproject/networks": "^5.5.0",
        "@ethersproject/properties": "^5.5.0",
        "@ethersproject/transactions": "^5.5.0",
        "@ethersproject/web": "^5.5.0"
      }
    },
    "@ethersproject/abstract-signer": {
      "version": "5.5.0",
      "resolved": "https://registry.npmjs.org/@ethersproject/abstract-signer/-/abstract-signer-5.5.0.tgz",
      "integrity": "sha512-lj//7r250MXVLKI7sVarXAbZXbv9P50lgmJQGr2/is82EwEb8r7HrxsmMqAjTsztMYy7ohrIhGMIml+Gx4D3mA==",
      "requires": {
        "@ethersproject/abstract-provider": "^5.5.0",
        "@ethersproject/bignumber": "^5.5.0",
        "@ethersproject/bytes": "^5.5.0",
        "@ethersproject/logger": "^5.5.0",
        "@ethersproject/properties": "^5.5.0"
      }
    },
    "@ethersproject/address": {
      "version": "5.5.0",
      "resolved": "https://registry.npmjs.org/@ethersproject/address/-/address-5.5.0.tgz",
      "integrity": "sha512-l4Nj0eWlTUh6ro5IbPTgbpT4wRbdH5l8CQf7icF7sb/SI3Nhd9Y9HzhonTSTi6CefI0necIw7LJqQPopPLZyWw==",
      "requires": {
        "@ethersproject/bignumber": "^5.5.0",
        "@ethersproject/bytes": "^5.5.0",
        "@ethersproject/keccak256": "^5.5.0",
        "@ethersproject/logger": "^5.5.0",
        "@ethersproject/rlp": "^5.5.0"
      }
    },
    "@ethersproject/base64": {
      "version": "5.5.0",
      "resolved": "https://registry.npmjs.org/@ethersproject/base64/-/base64-5.5.0.tgz",
      "integrity": "sha512-tdayUKhU1ljrlHzEWbStXazDpsx4eg1dBXUSI6+mHlYklOXoXF6lZvw8tnD6oVaWfnMxAgRSKROg3cVKtCcppA==",
      "requires": {
        "@ethersproject/bytes": "^5.5.0"
      }
    },
    "@ethersproject/basex": {
      "version": "5.5.0",
      "resolved": "https://registry.npmjs.org/@ethersproject/basex/-/basex-5.5.0.tgz",
      "integrity": "sha512-ZIodwhHpVJ0Y3hUCfUucmxKsWQA5TMnavp5j/UOuDdzZWzJlRmuOjcTMIGgHCYuZmHt36BfiSyQPSRskPxbfaQ==",
      "requires": {
        "@ethersproject/bytes": "^5.5.0",
        "@ethersproject/properties": "^5.5.0"
      }
    },
    "@ethersproject/bignumber": {
      "version": "5.5.0",
      "resolved": "https://registry.npmjs.org/@ethersproject/bignumber/-/bignumber-5.5.0.tgz",
      "integrity": "sha512-6Xytlwvy6Rn3U3gKEc1vP7nR92frHkv6wtVr95LFR3jREXiCPzdWxKQ1cx4JGQBXxcguAwjA8murlYN2TSiEbg==",
      "requires": {
        "@ethersproject/bytes": "^5.5.0",
        "@ethersproject/logger": "^5.5.0",
        "bn.js": "^4.11.9"
      }
    },
    "@ethersproject/bytes": {
      "version": "5.5.0",
      "resolved": "https://registry.npmjs.org/@ethersproject/bytes/-/bytes-5.5.0.tgz",
      "integrity": "sha512-ABvc7BHWhZU9PNM/tANm/Qx4ostPGadAuQzWTr3doklZOhDlmcBqclrQe/ZXUIj3K8wC28oYeuRa+A37tX9kog==",
      "requires": {
        "@ethersproject/logger": "^5.5.0"
      }
    },
    "@ethersproject/constants": {
      "version": "5.5.0",
      "resolved": "https://registry.npmjs.org/@ethersproject/constants/-/constants-5.5.0.tgz",
      "integrity": "sha512-2MsRRVChkvMWR+GyMGY4N1sAX9Mt3J9KykCsgUFd/1mwS0UH1qw+Bv9k1UJb3X3YJYFco9H20pjSlOIfCG5HYQ==",
      "requires": {
        "@ethersproject/bignumber": "^5.5.0"
      }
    },
    "@ethersproject/contracts": {
      "version": "5.5.0",
      "resolved": "https://registry.npmjs.org/@ethersproject/contracts/-/contracts-5.5.0.tgz",
      "integrity": "sha512-2viY7NzyvJkh+Ug17v7g3/IJC8HqZBDcOjYARZLdzRxrfGlRgmYgl6xPRKVbEzy1dWKw/iv7chDcS83pg6cLxg==",
      "requires": {
        "@ethersproject/abi": "^5.5.0",
        "@ethersproject/abstract-provider": "^5.5.0",
        "@ethersproject/abstract-signer": "^5.5.0",
        "@ethersproject/address": "^5.5.0",
        "@ethersproject/bignumber": "^5.5.0",
        "@ethersproject/bytes": "^5.5.0",
        "@ethersproject/constants": "^5.5.0",
        "@ethersproject/logger": "^5.5.0",
        "@ethersproject/properties": "^5.5.0",
        "@ethersproject/transactions": "^5.5.0"
      }
    },
    "@ethersproject/hash": {
      "version": "5.5.0",
      "resolved": "https://registry.npmjs.org/@ethersproject/hash/-/hash-5.5.0.tgz",
      "integrity": "sha512-dnGVpK1WtBjmnp3mUT0PlU2MpapnwWI0PibldQEq1408tQBAbZpPidkWoVVuNMOl/lISO3+4hXZWCL3YV7qzfg==",
      "requires": {
        "@ethersproject/abstract-signer": "^5.5.0",
        "@ethersproject/address": "^5.5.0",
        "@ethersproject/bignumber": "^5.5.0",
        "@ethersproject/bytes": "^5.5.0",
        "@ethersproject/keccak256": "^5.5.0",
        "@ethersproject/logger": "^5.5.0",
        "@ethersproject/properties": "^5.5.0",
        "@ethersproject/strings": "^5.5.0"
      }
    },
    "@ethersproject/hdnode": {
      "version": "5.5.0",
      "resolved": "https://registry.npmjs.org/@ethersproject/hdnode/-/hdnode-5.5.0.tgz",
      "integrity": "sha512-mcSOo9zeUg1L0CoJH7zmxwUG5ggQHU1UrRf8jyTYy6HxdZV+r0PBoL1bxr+JHIPXRzS6u/UW4mEn43y0tmyF8Q==",
      "requires": {
        "@ethersproject/abstract-signer": "^5.5.0",
        "@ethersproject/basex": "^5.5.0",
        "@ethersproject/bignumber": "^5.5.0",
        "@ethersproject/bytes": "^5.5.0",
        "@ethersproject/logger": "^5.5.0",
        "@ethersproject/pbkdf2": "^5.5.0",
        "@ethersproject/properties": "^5.5.0",
        "@ethersproject/sha2": "^5.5.0",
        "@ethersproject/signing-key": "^5.5.0",
        "@ethersproject/strings": "^5.5.0",
        "@ethersproject/transactions": "^5.5.0",
        "@ethersproject/wordlists": "^5.5.0"
      }
    },
    "@ethersproject/json-wallets": {
      "version": "5.5.0",
      "resolved": "https://registry.npmjs.org/@ethersproject/json-wallets/-/json-wallets-5.5.0.tgz",
      "integrity": "sha512-9lA21XQnCdcS72xlBn1jfQdj2A1VUxZzOzi9UkNdnokNKke/9Ya2xA9aIK1SC3PQyBDLt4C+dfps7ULpkvKikQ==",
      "requires": {
        "@ethersproject/abstract-signer": "^5.5.0",
        "@ethersproject/address": "^5.5.0",
        "@ethersproject/bytes": "^5.5.0",
        "@ethersproject/hdnode": "^5.5.0",
        "@ethersproject/keccak256": "^5.5.0",
        "@ethersproject/logger": "^5.5.0",
        "@ethersproject/pbkdf2": "^5.5.0",
        "@ethersproject/properties": "^5.5.0",
        "@ethersproject/random": "^5.5.0",
        "@ethersproject/strings": "^5.5.0",
        "@ethersproject/transactions": "^5.5.0",
        "aes-js": "3.0.0",
        "scrypt-js": "3.0.1"
      }
    },
    "@ethersproject/keccak256": {
      "version": "5.5.0",
      "resolved": "https://registry.npmjs.org/@ethersproject/keccak256/-/keccak256-5.5.0.tgz",
      "integrity": "sha512-5VoFCTjo2rYbBe1l2f4mccaRFN/4VQEYFwwn04aJV2h7qf4ZvI2wFxUE1XOX+snbwCLRzIeikOqtAoPwMza9kg==",
      "requires": {
        "@ethersproject/bytes": "^5.5.0",
        "js-sha3": "0.8.0"
      }
    },
    "@ethersproject/logger": {
      "version": "5.5.0",
      "resolved": "https://registry.npmjs.org/@ethersproject/logger/-/logger-5.5.0.tgz",
      "integrity": "sha512-rIY/6WPm7T8n3qS2vuHTUBPdXHl+rGxWxW5okDfo9J4Z0+gRRZT0msvUdIJkE4/HS29GUMziwGaaKO2bWONBrg=="
    },
    "@ethersproject/networks": {
      "version": "5.5.0",
      "resolved": "https://registry.npmjs.org/@ethersproject/networks/-/networks-5.5.0.tgz",
      "integrity": "sha512-KWfP3xOnJeF89Uf/FCJdV1a2aDJe5XTN2N52p4fcQ34QhDqQFkgQKZ39VGtiqUgHcLI8DfT0l9azC3KFTunqtA==",
      "requires": {
        "@ethersproject/logger": "^5.5.0"
      }
    },
    "@ethersproject/pbkdf2": {
      "version": "5.5.0",
      "resolved": "https://registry.npmjs.org/@ethersproject/pbkdf2/-/pbkdf2-5.5.0.tgz",
      "integrity": "sha512-SaDvQFvXPnz1QGpzr6/HToLifftSXGoXrbpZ6BvoZhmx4bNLHrxDe8MZisuecyOziP1aVEwzC2Hasj+86TgWVg==",
      "requires": {
        "@ethersproject/bytes": "^5.5.0",
        "@ethersproject/sha2": "^5.5.0"
      }
    },
    "@ethersproject/properties": {
      "version": "5.5.0",
      "resolved": "https://registry.npmjs.org/@ethersproject/properties/-/properties-5.5.0.tgz",
      "integrity": "sha512-l3zRQg3JkD8EL3CPjNK5g7kMx4qSwiR60/uk5IVjd3oq1MZR5qUg40CNOoEJoX5wc3DyY5bt9EbMk86C7x0DNA==",
      "requires": {
        "@ethersproject/logger": "^5.5.0"
      }
    },
    "@ethersproject/providers": {
      "version": "5.5.0",
      "resolved": "https://registry.npmjs.org/@ethersproject/providers/-/providers-5.5.0.tgz",
      "integrity": "sha512-xqMbDnS/FPy+J/9mBLKddzyLLAQFjrVff5g00efqxPzcAwXiR+SiCGVy6eJ5iAIirBOATjx7QLhDNPGV+AEQsw==",
      "requires": {
        "@ethersproject/abstract-provider": "^5.5.0",
        "@ethersproject/abstract-signer": "^5.5.0",
        "@ethersproject/address": "^5.5.0",
        "@ethersproject/basex": "^5.5.0",
        "@ethersproject/bignumber": "^5.5.0",
        "@ethersproject/bytes": "^5.5.0",
        "@ethersproject/constants": "^5.5.0",
        "@ethersproject/hash": "^5.5.0",
        "@ethersproject/logger": "^5.5.0",
        "@ethersproject/networks": "^5.5.0",
        "@ethersproject/properties": "^5.5.0",
        "@ethersproject/random": "^5.5.0",
        "@ethersproject/rlp": "^5.5.0",
        "@ethersproject/sha2": "^5.5.0",
        "@ethersproject/strings": "^5.5.0",
        "@ethersproject/transactions": "^5.5.0",
        "@ethersproject/web": "^5.5.0",
        "bech32": "1.1.4",
        "ws": "7.4.6"
      }
    },
    "@ethersproject/random": {
      "version": "5.5.0",
      "resolved": "https://registry.npmjs.org/@ethersproject/random/-/random-5.5.0.tgz",
      "integrity": "sha512-egGYZwZ/YIFKMHcoBUo8t3a8Hb/TKYX8BCBoLjudVCZh892welR3jOxgOmb48xznc9bTcMm7Tpwc1gHC1PFNFQ==",
      "requires": {
        "@ethersproject/bytes": "^5.5.0",
        "@ethersproject/logger": "^5.5.0"
      }
    },
    "@ethersproject/rlp": {
      "version": "5.5.0",
      "resolved": "https://registry.npmjs.org/@ethersproject/rlp/-/rlp-5.5.0.tgz",
      "integrity": "sha512-hLv8XaQ8PTI9g2RHoQGf/WSxBfTB/NudRacbzdxmst5VHAqd1sMibWG7SENzT5Dj3yZ3kJYx+WiRYEcQTAkcYA==",
      "requires": {
        "@ethersproject/bytes": "^5.5.0",
        "@ethersproject/logger": "^5.5.0"
      }
    },
    "@ethersproject/sha2": {
      "version": "5.5.0",
      "resolved": "https://registry.npmjs.org/@ethersproject/sha2/-/sha2-5.5.0.tgz",
      "integrity": "sha512-B5UBoglbCiHamRVPLA110J+2uqsifpZaTmid2/7W5rbtYVz6gus6/hSDieIU/6gaKIDcOj12WnOdiymEUHIAOA==",
      "requires": {
        "@ethersproject/bytes": "^5.5.0",
        "@ethersproject/logger": "^5.5.0",
        "hash.js": "1.1.7"
      }
    },
    "@ethersproject/signing-key": {
      "version": "5.5.0",
      "resolved": "https://registry.npmjs.org/@ethersproject/signing-key/-/signing-key-5.5.0.tgz",
      "integrity": "sha512-5VmseH7qjtNmDdZBswavhotYbWB0bOwKIlOTSlX14rKn5c11QmJwGt4GHeo7NrL/Ycl7uo9AHvEqs5xZgFBTng==",
      "requires": {
        "@ethersproject/bytes": "^5.5.0",
        "@ethersproject/logger": "^5.5.0",
        "@ethersproject/properties": "^5.5.0",
        "bn.js": "^4.11.9",
        "elliptic": "6.5.4",
        "hash.js": "1.1.7"
      }
    },
    "@ethersproject/solidity": {
      "version": "5.5.0",
      "resolved": "https://registry.npmjs.org/@ethersproject/solidity/-/solidity-5.5.0.tgz",
      "integrity": "sha512-9NgZs9LhGMj6aCtHXhtmFQ4AN4sth5HuFXVvAQtzmm0jpSCNOTGtrHZJAeYTh7MBjRR8brylWZxBZR9zDStXbw==",
      "requires": {
        "@ethersproject/bignumber": "^5.5.0",
        "@ethersproject/bytes": "^5.5.0",
        "@ethersproject/keccak256": "^5.5.0",
        "@ethersproject/logger": "^5.5.0",
        "@ethersproject/sha2": "^5.5.0",
        "@ethersproject/strings": "^5.5.0"
      }
    },
    "@ethersproject/strings": {
      "version": "5.5.0",
      "resolved": "https://registry.npmjs.org/@ethersproject/strings/-/strings-5.5.0.tgz",
      "integrity": "sha512-9fy3TtF5LrX/wTrBaT8FGE6TDJyVjOvXynXJz5MT5azq+E6D92zuKNx7i29sWW2FjVOaWjAsiZ1ZWznuduTIIQ==",
      "requires": {
        "@ethersproject/bytes": "^5.5.0",
        "@ethersproject/constants": "^5.5.0",
        "@ethersproject/logger": "^5.5.0"
      }
    },
    "@ethersproject/transactions": {
      "version": "5.5.0",
      "resolved": "https://registry.npmjs.org/@ethersproject/transactions/-/transactions-5.5.0.tgz",
      "integrity": "sha512-9RZYSKX26KfzEd/1eqvv8pLauCKzDTub0Ko4LfIgaERvRuwyaNV78mJs7cpIgZaDl6RJui4o49lHwwCM0526zA==",
      "requires": {
        "@ethersproject/address": "^5.5.0",
        "@ethersproject/bignumber": "^5.5.0",
        "@ethersproject/bytes": "^5.5.0",
        "@ethersproject/constants": "^5.5.0",
        "@ethersproject/keccak256": "^5.5.0",
        "@ethersproject/logger": "^5.5.0",
        "@ethersproject/properties": "^5.5.0",
        "@ethersproject/rlp": "^5.5.0",
        "@ethersproject/signing-key": "^5.5.0"
      }
    },
    "@ethersproject/units": {
      "version": "5.5.0",
      "resolved": "https://registry.npmjs.org/@ethersproject/units/-/units-5.5.0.tgz",
      "integrity": "sha512-7+DpjiZk4v6wrikj+TCyWWa9dXLNU73tSTa7n0TSJDxkYbV3Yf1eRh9ToMLlZtuctNYu9RDNNy2USq3AdqSbag==",
      "requires": {
        "@ethersproject/bignumber": "^5.5.0",
        "@ethersproject/constants": "^5.5.0",
        "@ethersproject/logger": "^5.5.0"
      }
    },
    "@ethersproject/wallet": {
      "version": "5.5.0",
      "resolved": "https://registry.npmjs.org/@ethersproject/wallet/-/wallet-5.5.0.tgz",
      "integrity": "sha512-Mlu13hIctSYaZmUOo7r2PhNSd8eaMPVXe1wxrz4w4FCE4tDYBywDH+bAR1Xz2ADyXGwqYMwstzTrtUVIsKDO0Q==",
      "requires": {
        "@ethersproject/abstract-provider": "^5.5.0",
        "@ethersproject/abstract-signer": "^5.5.0",
        "@ethersproject/address": "^5.5.0",
        "@ethersproject/bignumber": "^5.5.0",
        "@ethersproject/bytes": "^5.5.0",
        "@ethersproject/hash": "^5.5.0",
        "@ethersproject/hdnode": "^5.5.0",
        "@ethersproject/json-wallets": "^5.5.0",
        "@ethersproject/keccak256": "^5.5.0",
        "@ethersproject/logger": "^5.5.0",
        "@ethersproject/properties": "^5.5.0",
        "@ethersproject/random": "^5.5.0",
        "@ethersproject/signing-key": "^5.5.0",
        "@ethersproject/transactions": "^5.5.0",
        "@ethersproject/wordlists": "^5.5.0"
      }
    },
    "@ethersproject/web": {
      "version": "5.5.0",
      "resolved": "https://registry.npmjs.org/@ethersproject/web/-/web-5.5.0.tgz",
      "integrity": "sha512-BEgY0eL5oH4mAo37TNYVrFeHsIXLRxggCRG/ksRIxI2X5uj5IsjGmcNiRN/VirQOlBxcUhCgHhaDLG4m6XAVoA==",
      "requires": {
        "@ethersproject/base64": "^5.5.0",
        "@ethersproject/bytes": "^5.5.0",
        "@ethersproject/logger": "^5.5.0",
        "@ethersproject/properties": "^5.5.0",
        "@ethersproject/strings": "^5.5.0"
      }
    },
    "@ethersproject/wordlists": {
      "version": "5.5.0",
      "resolved": "https://registry.npmjs.org/@ethersproject/wordlists/-/wordlists-5.5.0.tgz",
      "integrity": "sha512-bL0UTReWDiaQJJYOC9sh/XcRu/9i2jMrzf8VLRmPKx58ckSlOJiohODkECCO50dtLZHcGU6MLXQ4OOrgBwP77Q==",
      "requires": {
        "@ethersproject/bytes": "^5.5.0",
        "@ethersproject/hash": "^5.5.0",
        "@ethersproject/logger": "^5.5.0",
        "@ethersproject/properties": "^5.5.0",
        "@ethersproject/strings": "^5.5.0"
      }
    },
    "@faast/ts-common": {
      "version": "0.6.3",
      "resolved": "https://registry.npmjs.org/@faast/ts-common/-/ts-common-0.6.3.tgz",
      "integrity": "sha512-fWxqaUvGtxA/u6WUVIMtGFYI0g74t6ywQih3AOLOdfadlwm4OdRNLLGd5C8UlRlrPjPMUCEDgYy82q2CGuwjqg==",
      "requires": {
        "bignumber.js": "^9.0.0",
        "fp-ts": "^1.19.5",
        "io-ts": "^1.10.4"
      }
    },
    "@types/node": {
      "version": "10.12.18",
      "resolved": "https://registry.npmjs.org/@types/node/-/node-10.12.18.tgz",
      "integrity": "sha512-fh+pAqt4xRzPfqA6eh3Z2y6fyZavRIumvjhaCL753+TVkGKGhpPeyrJG2JftD0T9q4GF00KjefsQ+PQNDdWQaQ=="
    },
    "aes-js": {
      "version": "3.0.0",
      "resolved": "https://registry.npmjs.org/aes-js/-/aes-js-3.0.0.tgz",
      "integrity": "sha1-4h3xCtbCBTKVvLuNq0Cwnb6ofk0="
    },
    "axios": {
      "version": "0.21.4",
      "resolved": "https://registry.npmjs.org/axios/-/axios-0.21.4.tgz",
      "integrity": "sha512-ut5vewkiu8jjGBdqpM44XxjuCjq9LAKeHVmoVfHVzy8eHgxxq8SbAVQNovDA8mVi05kP0Ea/n/UzcSHcTJQfNg==",
      "requires": {
        "follow-redirects": "^1.14.0"
      }
    },
    "base-x": {
      "version": "3.0.9",
      "resolved": "https://registry.npmjs.org/base-x/-/base-x-3.0.9.tgz",
      "integrity": "sha512-H7JU6iBHTal1gp56aKoaa//YUxEaAOUiydvrV/pILqIHXTtqxSkATOnDA2u+jZ/61sD+L/412+7kzXRtWukhpQ==",
      "requires": {
        "safe-buffer": "^5.0.1"
      }
    },
    "bech32": {
      "version": "1.1.4",
      "resolved": "https://registry.npmjs.org/bech32/-/bech32-1.1.4.tgz",
      "integrity": "sha512-s0IrSOzLlbvX7yp4WBfPITzpAU8sqQcpsmwXDiKwrG4r491vwCO/XpejasRNl0piBMe/DvP4Tz0mIS/X1DPJBQ=="
    },
    "bindings": {
      "version": "1.5.0",
      "resolved": "https://registry.npmjs.org/bindings/-/bindings-1.5.0.tgz",
      "integrity": "sha512-p2q/t/mhvuOj/UeLlV6566GD/guowlr0hHxClI0W9m7MWYkL1F0hLo+0Aexs9HSPCtR1SXQ0TD3MMKrXZajbiQ==",
      "requires": {
        "file-uri-to-path": "1.0.0"
      }
    },
    "bip32": {
      "version": "2.0.6",
      "resolved": "https://registry.npmjs.org/bip32/-/bip32-2.0.6.tgz",
      "integrity": "sha512-HpV5OMLLGTjSVblmrtYRfFFKuQB+GArM0+XP8HGWfJ5vxYBqo+DesvJwOdC2WJ3bCkZShGf0QIfoIpeomVzVdA==",
      "requires": {
        "@types/node": "10.12.18",
        "bs58check": "^2.1.1",
        "create-hash": "^1.2.0",
        "create-hmac": "^1.1.7",
        "tiny-secp256k1": "^1.1.3",
        "typeforce": "^1.11.5",
        "wif": "^2.0.6"
      }
    },
    "bn.js": {
      "version": "4.12.0",
      "resolved": "https://registry.npmjs.org/bn.js/-/bn.js-4.12.0.tgz",
      "integrity": "sha512-c98Bf3tPniI+scsdk237ku1Dc3ujXQTSgyiPUDEOe7tRkhrqridvh8klBv0HCEso1OLOYcHuCv/cS6DNxKH+ZA=="
    },
    "brorand": {
      "version": "1.1.0",
      "resolved": "https://registry.npmjs.org/brorand/-/brorand-1.1.0.tgz",
      "integrity": "sha1-EsJe/kCkXjwyPrhnWgoM5XsiNx8="
    },
    "bs58": {
      "version": "4.0.1",
      "resolved": "https://registry.npmjs.org/bs58/-/bs58-4.0.1.tgz",
      "integrity": "sha1-vhYedsNU9veIrkBx9j806MTwpCo=",
      "requires": {
        "base-x": "^3.0.2"
      }
    },
    "bs58check": {
      "version": "2.1.2",
      "resolved": "https://registry.npmjs.org/bs58check/-/bs58check-2.1.2.tgz",
      "integrity": "sha512-0TS1jicxdU09dwJMNZtVAfzPi6Q6QeN0pM1Fkzrjn+XYHvzMKPU3pHVpva+769iNVSfIYWf7LJ6WR+BuuMf8cA==",
      "requires": {
        "bs58": "^4.0.0",
        "create-hash": "^1.1.0",
        "safe-buffer": "^5.1.2"
      }
    },
    "cipher-base": {
      "version": "1.0.4",
      "resolved": "https://registry.npmjs.org/cipher-base/-/cipher-base-1.0.4.tgz",
      "integrity": "sha512-Kkht5ye6ZGmwv40uUDZztayT2ThLQGfnj/T71N/XzeZeo3nf8foyW7zGTsPYkEya3m5f3cAypH+qe7YOrM1U2Q==",
      "requires": {
        "inherits": "^2.0.1",
        "safe-buffer": "^5.0.1"
      }
    },
    "create-hash": {
      "version": "1.2.0",
      "resolved": "https://registry.npmjs.org/create-hash/-/create-hash-1.2.0.tgz",
      "integrity": "sha512-z00bCGNHDG8mHAkP7CtT1qVu+bFQUPjYq/4Iv3C3kWjTFV10zIjfSoeqXo9Asws8gwSHDGj/hl2u4OGIjapeCg==",
      "requires": {
        "cipher-base": "^1.0.1",
        "inherits": "^2.0.1",
        "md5.js": "^1.3.4",
        "ripemd160": "^2.0.1",
        "sha.js": "^2.4.0"
      }
    },
    "create-hmac": {
      "version": "1.1.7",
      "resolved": "https://registry.npmjs.org/create-hmac/-/create-hmac-1.1.7.tgz",
      "integrity": "sha512-MJG9liiZ+ogc4TzUwuvbER1JRdgvUFSB5+VR/g5h82fGaIRWMWddtKBHi7/sVhfjQZ6SehlyhvQYrcYkaUIpLg==",
      "requires": {
        "cipher-base": "^1.0.3",
        "create-hash": "^1.1.0",
        "inherits": "^2.0.1",
        "ripemd160": "^2.0.0",
        "safe-buffer": "^5.0.1",
        "sha.js": "^2.4.8"
      }
    },
    "elliptic": {
      "version": "6.5.4",
      "resolved": "https://registry.npmjs.org/elliptic/-/elliptic-6.5.4.tgz",
      "integrity": "sha512-iLhC6ULemrljPZb+QutR5TQGB+pdW6KGD5RSegS+8sorOZT+rdQFbsQFJgvN3eRqNALqJer4oQ16YvJHlU8hzQ==",
      "requires": {
        "bn.js": "^4.11.9",
        "brorand": "^1.1.0",
        "hash.js": "^1.0.0",
        "hmac-drbg": "^1.0.1",
        "inherits": "^2.0.4",
        "minimalistic-assert": "^1.0.1",
        "minimalistic-crypto-utils": "^1.0.1"
      }
    },
    "err-code": {
      "version": "1.1.2",
      "resolved": "https://registry.npmjs.org/err-code/-/err-code-1.1.2.tgz",
      "integrity": "sha1-BuARbTAo9q70gGhJ6w6mp0iuaWA="
    },
    "ethers": {
      "version": "5.5.1",
      "resolved": "https://registry.npmjs.org/ethers/-/ethers-5.5.1.tgz",
      "integrity": "sha512-RodEvUFZI+EmFcE6bwkuJqpCYHazdzeR1nMzg+YWQSmQEsNtfl1KHGfp/FWZYl48bI/g7cgBeP2IlPthjiVngw==",
      "requires": {
        "@ethersproject/abi": "5.5.0",
        "@ethersproject/abstract-provider": "5.5.1",
        "@ethersproject/abstract-signer": "5.5.0",
        "@ethersproject/address": "5.5.0",
        "@ethersproject/base64": "5.5.0",
        "@ethersproject/basex": "5.5.0",
        "@ethersproject/bignumber": "5.5.0",
        "@ethersproject/bytes": "5.5.0",
        "@ethersproject/constants": "5.5.0",
        "@ethersproject/contracts": "5.5.0",
        "@ethersproject/hash": "5.5.0",
        "@ethersproject/hdnode": "5.5.0",
        "@ethersproject/json-wallets": "5.5.0",
        "@ethersproject/keccak256": "5.5.0",
        "@ethersproject/logger": "5.5.0",
        "@ethersproject/networks": "5.5.0",
        "@ethersproject/pbkdf2": "5.5.0",
        "@ethersproject/properties": "5.5.0",
        "@ethersproject/providers": "5.5.0",
        "@ethersproject/random": "5.5.0",
        "@ethersproject/rlp": "5.5.0",
        "@ethersproject/sha2": "5.5.0",
        "@ethersproject/signing-key": "5.5.0",
        "@ethersproject/solidity": "5.5.0",
        "@ethersproject/strings": "5.5.0",
        "@ethersproject/transactions": "5.5.0",
        "@ethersproject/units": "5.5.0",
        "@ethersproject/wallet": "5.5.0",
        "@ethersproject/web": "5.5.0",
        "@ethersproject/wordlists": "5.5.0"
      }
    },
    "eventemitter3": {
      "version": "3.1.2",
      "resolved": "https://registry.npmjs.org/eventemitter3/-/eventemitter3-3.1.2.tgz",
      "integrity": "sha512-tvtQIeLVHjDkJYnzf2dgVMxfuSGJeM/7UCG17TT4EumTfNtF+0nebF/4zWOIkCreAbtNqhGEboB6BWrwqNaw4Q=="
    },
    "file-uri-to-path": {
      "version": "1.0.0",
      "resolved": "https://registry.npmjs.org/file-uri-to-path/-/file-uri-to-path-1.0.0.tgz",
      "integrity": "sha512-0Zt+s3L7Vf1biwWZ29aARiVYLx7iMGnEUl9x33fbB/j3jR81u/O2LbqK+Bm1CDSNDKVtJ/YjwY7TUd5SkeLQLw=="
    },
    "follow-redirects": {
      "version": "1.14.8",
      "resolved": "https://registry.npmjs.org/follow-redirects/-/follow-redirects-1.14.8.tgz",
      "integrity": "sha512-1x0S9UVJHsQprFcEC/qnNzBLcIxsjAV905f/UkQxbclCsoTWlacCNOpQa/anodLl2uaEKFhfWOvM2Qg77+15zA=="
    },
    "fp-ts": {
      "version": "1.19.5",
      "resolved": "https://registry.npmjs.org/fp-ts/-/fp-ts-1.19.5.tgz",
      "integrity": "sha512-wDNqTimnzs8QqpldiId9OavWK2NptormjXnRJTQecNjzwfyp6P/8s/zG8e4h3ja3oqkKaY72UlTjQYt/1yXf9A=="
    },
    "hash-base": {
      "version": "3.1.0",
      "resolved": "https://registry.npmjs.org/hash-base/-/hash-base-3.1.0.tgz",
      "integrity": "sha512-1nmYp/rhMDiE7AYkDw+lLwlAzz0AntGIe51F3RfFfEqyQ3feY2eI/NcwC6umIQVOASPMsWJLJScWKSSvzL9IVA==",
      "requires": {
        "inherits": "^2.0.4",
        "readable-stream": "^3.6.0",
        "safe-buffer": "^5.2.0"
      }
    },
    "hash.js": {
      "version": "1.1.7",
      "resolved": "https://registry.npmjs.org/hash.js/-/hash.js-1.1.7.tgz",
      "integrity": "sha512-taOaskGt4z4SOANNseOviYDvjEJinIkRgmp7LbKP2YTTmVxWBl87s/uzK9r+44BclBSp2X7K1hqeNfz9JbBeXA==",
      "requires": {
        "inherits": "^2.0.3",
        "minimalistic-assert": "^1.0.1"
      }
    },
    "hmac-drbg": {
      "version": "1.0.1",
      "resolved": "https://registry.npmjs.org/hmac-drbg/-/hmac-drbg-1.0.1.tgz",
      "integrity": "sha1-0nRXAQJabHdabFRXk+1QL8DGSaE=",
      "requires": {
        "hash.js": "^1.0.3",
        "minimalistic-assert": "^1.0.0",
        "minimalistic-crypto-utils": "^1.0.1"
      }
    },
    "inherits": {
      "version": "2.0.4",
      "resolved": "https://registry.npmjs.org/inherits/-/inherits-2.0.4.tgz",
      "integrity": "sha512-k/vGaX4/Yla3WzyMCvTQOXYeIHvqOKtnqBduzTHpzpQZzAskKMhZ2K+EnBiSM9zGSoIFeMpXKxa4dYeZIQqewQ=="
    },
    "injectpromise": {
      "version": "1.0.0",
      "resolved": "https://registry.npmjs.org/injectpromise/-/injectpromise-1.0.0.tgz",
      "integrity": "sha512-qNq5wy4qX4uWHcVFOEU+RqZkoVG65FhvGkyDWbuBxILMjK6A1LFf5A1mgXZkD4nRx5FCorD81X/XvPKp/zVfPA=="
    },
    "io-ts": {
      "version": "1.10.4",
      "resolved": "https://registry.npmjs.org/io-ts/-/io-ts-1.10.4.tgz",
      "integrity": "sha512-b23PteSnYXSONJ6JQXRAlvJhuw8KOtkqa87W4wDtvMrud/DTJd5X+NpOOI+O/zZwVq6v0VLAaJ+1EDViKEuN9g==",
      "requires": {
        "fp-ts": "^1.0.0"
      }
    },
    "js-sha3": {
      "version": "0.8.0",
      "resolved": "https://registry.npmjs.org/js-sha3/-/js-sha3-0.8.0.tgz",
      "integrity": "sha512-gF1cRrHhIzNfToc802P800N8PpXS+evLLXfsVpowqmAFR9uwbi89WvXg2QspOmXL8QL86J4T1EpFu+yUkwJY3Q=="
    },
    "jssha": {
      "version": "2.4.2",
      "resolved": "https://registry.npmjs.org/jssha/-/jssha-2.4.2.tgz",
      "integrity": "sha512-/jsi/9C0S70zfkT/4UlKQa5E1xKurDnXcQizcww9JSR/Fv+uIbWM2btG+bFcL3iNoK9jIGS0ls9HWLr1iw0kFg=="
    },
    "lodash": {
      "version": "4.17.21",
      "resolved": "https://registry.npmjs.org/lodash/-/lodash-4.17.21.tgz",
      "integrity": "sha512-v2kDEe57lecTulaDIuNTPy3Ry4gLGJ6Z1O3vE1krgXZNrsQ+LFTGHVxVjcXPs17LhbZVGedAJv8XZ1tvj5FvSg=="
    },
    "md5.js": {
      "version": "1.3.5",
      "resolved": "https://registry.npmjs.org/md5.js/-/md5.js-1.3.5.tgz",
      "integrity": "sha512-xitP+WxNPcTTOgnTJcrhM0xvdPepipPSf3I8EIpGKeFLjt3PlJLIDG3u8EX53ZIubkb+5U2+3rELYpEhHhzdkg==",
      "requires": {
        "hash-base": "^3.0.0",
        "inherits": "^2.0.1",
        "safe-buffer": "^5.1.2"
      }
    },
    "minimalistic-assert": {
      "version": "1.0.1",
      "resolved": "https://registry.npmjs.org/minimalistic-assert/-/minimalistic-assert-1.0.1.tgz",
      "integrity": "sha512-UtJcAD4yEaGtjPezWuO9wC4nwUnVH/8/Im3yEHQP4b67cXlD/Qr9hdITCU1xDbSEXg2XKNaP8jsReV7vQd00/A=="
    },
    "minimalistic-crypto-utils": {
      "version": "1.0.1",
      "resolved": "https://registry.npmjs.org/minimalistic-crypto-utils/-/minimalistic-crypto-utils-1.0.1.tgz",
      "integrity": "sha1-9sAMHAsIIkblxNmd+4x8CDsrWCo="
    },
    "nan": {
      "version": "2.15.0",
      "resolved": "https://registry.npmjs.org/nan/-/nan-2.15.0.tgz",
      "integrity": "sha512-8ZtvEnA2c5aYCZYd1cvgdnU6cqwixRoYg70xPLWUws5ORTa/lnw+u4amixRS/Ac5U5mQVgp9pnlSUnbNWFaWZQ=="
    },
    "promise-retry": {
      "version": "1.1.1",
      "resolved": "https://registry.npmjs.org/promise-retry/-/promise-retry-1.1.1.tgz",
      "integrity": "sha1-ZznpaOMFHaIM5kl/srUPaRHfPW0=",
      "requires": {
        "err-code": "^1.0.0",
        "retry": "^0.10.0"
      }
    },
    "readable-stream": {
      "version": "3.6.0",
      "resolved": "https://registry.npmjs.org/readable-stream/-/readable-stream-3.6.0.tgz",
      "integrity": "sha512-BViHy7LKeTz4oNnkcLJ+lVSL6vpiFeX6/d3oSH8zCW7UxP2onchk+vTGB143xuFjHS3deTgkKoXXymXqymiIdA==",
      "requires": {
        "inherits": "^2.0.3",
        "string_decoder": "^1.1.1",
        "util-deprecate": "^1.0.1"
      }
    },
    "regenerator-runtime": {
      "version": "0.13.9",
      "resolved": "https://registry.npmjs.org/regenerator-runtime/-/regenerator-runtime-0.13.9.tgz",
      "integrity": "sha512-p3VT+cOEgxFsRRA9X4lkI1E+k2/CtnKtU4gcxyaCUreilL/vqI6CdZ3wxVUx3UOUg+gnUOQQcRI7BmSI656MYA=="
    },
    "retry": {
      "version": "0.10.1",
      "resolved": "https://registry.npmjs.org/retry/-/retry-0.10.1.tgz",
      "integrity": "sha1-52OI0heZLCUnUCQdPTlW/tmNj/Q="
    },
    "ripemd160": {
      "version": "2.0.2",
      "resolved": "https://registry.npmjs.org/ripemd160/-/ripemd160-2.0.2.tgz",
      "integrity": "sha512-ii4iagi25WusVoiC4B4lq7pbXfAp3D9v5CwfkY33vffw2+pkDjY1D8GaN7spsxvCSx8dkPqOZCEZyfxcmJG2IA==",
      "requires": {
        "hash-base": "^3.0.0",
        "inherits": "^2.0.1"
      }
    },
    "safe-buffer": {
      "version": "5.2.1",
      "resolved": "https://registry.npmjs.org/safe-buffer/-/safe-buffer-5.2.1.tgz",
      "integrity": "sha512-rp3So07KcdmmKbGvgaNxQSJr7bGVSVk5S9Eq1F+ppbRo70+YeaDxkw5Dd8NPN+GD6bjnYm2VuPuCXmpuYvmCXQ=="
    },
    "scrypt-js": {
      "version": "3.0.1",
      "resolved": "https://registry.npmjs.org/scrypt-js/-/scrypt-js-3.0.1.tgz",
      "integrity": "sha512-cdwTTnqPu0Hyvf5in5asVdZocVDTNRmR7XEcJuIzMjJeSHybHl7vpB66AzwTaIg6CLSbtjcxc8fqcySfnTkccA=="
    },
    "semver": {
      "version": "5.7.1",
      "resolved": "https://registry.npmjs.org/semver/-/semver-5.7.1.tgz",
      "integrity": "sha512-sauaDf/PZdVgrLTNYHRtpXa1iRiKcaebiKQ1BJdpQlWH2lCvexQdX55snPFyK7QzpudqbCI0qXFfOasHdyNDGQ=="
    },
    "sha.js": {
      "version": "2.4.11",
      "resolved": "https://registry.npmjs.org/sha.js/-/sha.js-2.4.11.tgz",
      "integrity": "sha512-QMEp5B7cftE7APOjk5Y6xgrbWu+WkLVQwk8JNjZ8nKRciZaByEW6MubieAiToS7+dwvrjGhH8jRXz3MVd0AYqQ==",
      "requires": {
        "inherits": "^2.0.1",
        "safe-buffer": "^5.0.1"
      }
    },
    "string_decoder": {
      "version": "1.3.0",
      "resolved": "https://registry.npmjs.org/string_decoder/-/string_decoder-1.3.0.tgz",
      "integrity": "sha512-hkRX8U1WjJFd8LsDJ2yQ/wWWxaopEsABU1XfkM8A+j0+85JAGppt16cr1Whg6KIbb4okU6Mql6BOj+uup/wKeA==",
      "requires": {
        "safe-buffer": "~5.2.0"
      }
    },
    "tiny-secp256k1": {
      "version": "1.1.6",
      "resolved": "https://registry.npmjs.org/tiny-secp256k1/-/tiny-secp256k1-1.1.6.tgz",
      "integrity": "sha512-FmqJZGduTyvsr2cF3375fqGHUovSwDi/QytexX1Se4BPuPZpTE5Ftp5fg+EFSuEf3lhZqgCRjEG3ydUQ/aNiwA==",
      "requires": {
        "bindings": "^1.3.0",
        "bn.js": "^4.11.8",
        "create-hmac": "^1.1.7",
        "elliptic": "^6.4.0",
        "nan": "^2.13.2"
      }
    },
    "tronweb": {
      "version": "4.0.0",
      "resolved": "https://registry.npmjs.org/tronweb/-/tronweb-4.0.0.tgz",
      "integrity": "sha512-yKRkEe9A5RJCRiDcKXfXhfF6CDJl7QWhBLleaW+GlTwVXKGNJdpGomuYhCXvQyFQVlY6cKzOfH7pXPH69rcfNQ==",
      "requires": {
        "@babel/runtime": "^7.0.0",
        "axios": "^0.21.1",
        "bignumber.js": "^9.0.1",
        "elliptic": "^6.5.4",
        "ethers": "^5.4.4",
        "eventemitter3": "^3.1.0",
        "injectpromise": "^1.0.0",
        "lodash": "^4.17.21",
        "semver": "^5.6.0",
        "validator": "^13.6.0"
      }
    },
    "typeforce": {
      "version": "1.18.0",
      "resolved": "https://registry.npmjs.org/typeforce/-/typeforce-1.18.0.tgz",
      "integrity": "sha512-7uc1O8h1M1g0rArakJdf0uLRSSgFcYexrVoKo+bzJd32gd4gDy2L/Z+8/FjPnU9ydY3pEnVPtr9FyscYY60K1g=="
    },
    "util-deprecate": {
      "version": "1.0.2",
      "resolved": "https://registry.npmjs.org/util-deprecate/-/util-deprecate-1.0.2.tgz",
      "integrity": "sha1-RQ1Nyfpw3nMnYvvS1KKJgUGaDM8="
    },
    "validator": {
      "version": "13.7.0",
      "resolved": "https://registry.npmjs.org/validator/-/validator-13.7.0.tgz",
      "integrity": "sha512-nYXQLCBkpJ8X6ltALua9dRrZDHVYxjJ1wgskNt1lH9fzGjs3tgojGSCBjmEPwkWS1y29+DrizMTW19Pr9uB2nw=="
    },
    "wif": {
      "version": "2.0.6",
      "resolved": "https://registry.npmjs.org/wif/-/wif-2.0.6.tgz",
      "integrity": "sha1-CNP1IFbGZnkplyb63g1DKudLRwQ=",
      "requires": {
        "bs58check": "<3.0.0"
      }
    },
    "ws": {
      "version": "7.4.6",
      "resolved": "https://registry.npmjs.org/ws/-/ws-7.4.6.tgz",
      "integrity": "sha512-YmhHDO4MzaDLB+M9ym/mDA5z0naX8j7SIlT8f8z+I0VtzsRbekxEutHSme7NPS2qE8StCYQNUnfWdXta/Yu85A=="
    }
  }
}
